// !$*UTF8*$!
{
	archiveVersion = 1;
	classes = {
	};
	objectVersion = 46;
	objects = {

/* Begin PBXBuildFile section */
		6857E75A1D21528A00AE70D5 /* IntroViewController.swift in Sources */ = {isa = PBXBuildFile; fileRef = 6857E7591D21528A00AE70D5 /* IntroViewController.swift */; };
		6857E75C1D2152C700AE70D5 /* Intro.xcassets in Resources */ = {isa = PBXBuildFile; fileRef = 6857E75B1D2152C700AE70D5 /* Intro.xcassets */; };
		68E87A311D1D799F001B67FB /* Alamofire.framework in Frameworks */ = {isa = PBXBuildFile; fileRef = 68E87A1A1D1D799F001B67FB /* Alamofire.framework */; };
		68E87A321D1D799F001B67FB /* AlamofireObjectMapper.framework in Frameworks */ = {isa = PBXBuildFile; fileRef = 68E87A1B1D1D799F001B67FB /* AlamofireObjectMapper.framework */; };
		68E87A331D1D799F001B67FB /* Async.framework in Frameworks */ = {isa = PBXBuildFile; fileRef = 68E87A1C1D1D799F001B67FB /* Async.framework */; };
		68E87A341D1D799F001B67FB /* Dollar.framework in Frameworks */ = {isa = PBXBuildFile; fileRef = 68E87A1D1D1D799F001B67FB /* Dollar.framework */; };
		68E87A351D1D799F001B67FB /* Haneke.framework in Frameworks */ = {isa = PBXBuildFile; fileRef = 68E87A1E1D1D799F001B67FB /* Haneke.framework */; };
		68E87A371D1D799F001B67FB /* Material.framework in Frameworks */ = {isa = PBXBuildFile; fileRef = 68E87A201D1D799F001B67FB /* Material.framework */; };
		68E87A381D1D799F001B67FB /* Neon.framework in Frameworks */ = {isa = PBXBuildFile; fileRef = 68E87A211D1D799F001B67FB /* Neon.framework */; };
		68E87A391D1D799F001B67FB /* ObjectMapper.framework in Frameworks */ = {isa = PBXBuildFile; fileRef = 68E87A221D1D799F001B67FB /* ObjectMapper.framework */; };
		68E87A3A1D1D799F001B67FB /* PageMenu.framework in Frameworks */ = {isa = PBXBuildFile; fileRef = 68E87A231D1D799F001B67FB /* PageMenu.framework */; };
		68E87A3B1D1D799F001B67FB /* PageMenuFramework.framework in Frameworks */ = {isa = PBXBuildFile; fileRef = 68E87A241D1D799F001B67FB /* PageMenuFramework.framework */; };
		68E87A3C1D1D799F001B67FB /* PromiseKit.framework in Frameworks */ = {isa = PBXBuildFile; fileRef = 68E87A251D1D799F001B67FB /* PromiseKit.framework */; };
		68E87A3D1D1D799F001B67FB /* Realm.framework in Frameworks */ = {isa = PBXBuildFile; fileRef = 68E87A261D1D799F001B67FB /* Realm.framework */; };
		68E87A3E1D1D799F001B67FB /* RealmSwift.framework in Frameworks */ = {isa = PBXBuildFile; fileRef = 68E87A271D1D799F001B67FB /* RealmSwift.framework */; };
		68E87A3F1D1D799F001B67FB /* RxBlocking.framework in Frameworks */ = {isa = PBXBuildFile; fileRef = 68E87A281D1D799F001B67FB /* RxBlocking.framework */; };
		68E87A401D1D799F001B67FB /* RxCocoa.framework in Frameworks */ = {isa = PBXBuildFile; fileRef = 68E87A291D1D799F001B67FB /* RxCocoa.framework */; };
		68E87A411D1D799F001B67FB /* RxSwift.framework in Frameworks */ = {isa = PBXBuildFile; fileRef = 68E87A2A1D1D799F001B67FB /* RxSwift.framework */; };
		68E87A421D1D799F001B67FB /* SnapKit.framework in Frameworks */ = {isa = PBXBuildFile; fileRef = 68E87A2B1D1D799F001B67FB /* SnapKit.framework */; };
		68E87A431D1D799F001B67FB /* Spring.framework in Frameworks */ = {isa = PBXBuildFile; fileRef = 68E87A2C1D1D799F001B67FB /* Spring.framework */; };
		68E87A441D1D799F001B67FB /* SwiftMoment.framework in Frameworks */ = {isa = PBXBuildFile; fileRef = 68E87A2D1D1D799F001B67FB /* SwiftMoment.framework */; };
		68E87A451D1D799F001B67FB /* SwiftyJSON.framework in Frameworks */ = {isa = PBXBuildFile; fileRef = 68E87A2E1D1D799F001B67FB /* SwiftyJSON.framework */; };
		68E87A461D1D799F001B67FB /* SwiftyUserDefaults.framework in Frameworks */ = {isa = PBXBuildFile; fileRef = 68E87A2F1D1D799F001B67FB /* SwiftyUserDefaults.framework */; };
		68E87A471D1D799F001B67FB /* XCGLogger.framework in Frameworks */ = {isa = PBXBuildFile; fileRef = 68E87A301D1D799F001B67FB /* XCGLogger.framework */; };
		68E87AA11D1ED449001B67FB /* Shared.h in Headers */ = {isa = PBXBuildFile; fileRef = 68E87AA01D1ED449001B67FB /* Shared.h */; settings = {ATTRIBUTES = (Public, ); }; };
		68E87AA51D1ED449001B67FB /* Shared.framework in Frameworks */ = {isa = PBXBuildFile; fileRef = 68E87A9E1D1ED449001B67FB /* Shared.framework */; };
		68E87AA61D1ED449001B67FB /* Shared.framework in Embed Frameworks */ = {isa = PBXBuildFile; fileRef = 68E87A9E1D1ED449001B67FB /* Shared.framework */; settings = {ATTRIBUTES = (CodeSignOnCopy, RemoveHeadersOnCopy, ); }; };
		68E87AB31D1ED8BD001B67FB /* Logger.swift in Sources */ = {isa = PBXBuildFile; fileRef = 68E87AB21D1ED8BD001B67FB /* Logger.swift */; };
		68E87AB41D1ED938001B67FB /* XCGLogger.framework in Frameworks */ = {isa = PBXBuildFile; fileRef = 68E87A301D1D799F001B67FB /* XCGLogger.framework */; };
		68E87AB61D1ED996001B67FB /* RollingFileLogger.swift in Sources */ = {isa = PBXBuildFile; fileRef = 68E87AB51D1ED996001B67FB /* RollingFileLogger.swift */; };
		68E87AC91D1EDAB5001B67FB /* AlamofireExtensions.swift in Sources */ = {isa = PBXBuildFile; fileRef = 68E87AB81D1EDAB5001B67FB /* AlamofireExtensions.swift */; };
		68E87ACA1D1EDAB5001B67FB /* ArrayExtensions.swift in Sources */ = {isa = PBXBuildFile; fileRef = 68E87AB91D1EDAB5001B67FB /* ArrayExtensions.swift */; };
		68E87ACB1D1EDAB5001B67FB /* GeometryExtensions.swift in Sources */ = {isa = PBXBuildFile; fileRef = 68E87ABA1D1EDAB5001B67FB /* GeometryExtensions.swift */; };
		68E87ACD1D1EDAB5001B67FB /* HexExtensions.swift in Sources */ = {isa = PBXBuildFile; fileRef = 68E87ABC1D1EDAB5001B67FB /* HexExtensions.swift */; };
		68E87ACE1D1EDAB5001B67FB /* NSCharacterSetExtensions.swift in Sources */ = {isa = PBXBuildFile; fileRef = 68E87ABD1D1EDAB5001B67FB /* NSCharacterSetExtensions.swift */; };
		68E87ACF1D1EDAB5001B67FB /* NSFileManagerExtensions.swift in Sources */ = {isa = PBXBuildFile; fileRef = 68E87ABE1D1EDAB5001B67FB /* NSFileManagerExtensions.swift */; };
		68E87AD01D1EDAB5001B67FB /* NSMutableAttributedStringExtensions.swift in Sources */ = {isa = PBXBuildFile; fileRef = 68E87ABF1D1EDAB5001B67FB /* NSMutableAttributedStringExtensions.swift */; };
		68E87AD11D1EDAB5001B67FB /* NSScannerExtensions.swift in Sources */ = {isa = PBXBuildFile; fileRef = 68E87AC01D1EDAB5001B67FB /* NSScannerExtensions.swift */; };
		68E87AD21D1EDAB5001B67FB /* NSStringExtensions.swift in Sources */ = {isa = PBXBuildFile; fileRef = 68E87AC11D1EDAB5001B67FB /* NSStringExtensions.swift */; };
		68E87AD31D1EDAB5001B67FB /* NSURLExtensions.swift in Sources */ = {isa = PBXBuildFile; fileRef = 68E87AC21D1EDAB5001B67FB /* NSURLExtensions.swift */; };
		68E87AD41D1EDAB5001B67FB /* NSURLProtectionSpaceExtensions.swift in Sources */ = {isa = PBXBuildFile; fileRef = 68E87AC31D1EDAB5001B67FB /* NSURLProtectionSpaceExtensions.swift */; };
		68E87AD51D1EDAB5001B67FB /* SetExtensions.swift in Sources */ = {isa = PBXBuildFile; fileRef = 68E87AC41D1EDAB5001B67FB /* SetExtensions.swift */; };
		68E87AD61D1EDAB5001B67FB /* StringExtensions.swift in Sources */ = {isa = PBXBuildFile; fileRef = 68E87AC51D1EDAB5001B67FB /* StringExtensions.swift */; };
		68E87AD71D1EDAB5001B67FB /* UIColorExtensions.swift in Sources */ = {isa = PBXBuildFile; fileRef = 68E87AC61D1EDAB5001B67FB /* UIColorExtensions.swift */; };
		68E87AD81D1EDAB5001B67FB /* UIImageExtensions.swift in Sources */ = {isa = PBXBuildFile; fileRef = 68E87AC71D1EDAB5001B67FB /* UIImageExtensions.swift */; };
		68E87AD91D1EDAB5001B67FB /* UIViewExtensions.swift in Sources */ = {isa = PBXBuildFile; fileRef = 68E87AC81D1EDAB5001B67FB /* UIViewExtensions.swift */; };
		68E87ADB1D1EE118001B67FB /* WebImage.framework in Frameworks */ = {isa = PBXBuildFile; fileRef = 68E87ADA1D1EE118001B67FB /* WebImage.framework */; };
		A318616AF7275D9B048CE57F /* Images.xcassets in Resources */ = {isa = PBXBuildFile; fileRef = B8EC20F173B514BB15EFF9CC /* Images.xcassets */; };
		BBCF316FD127D7B343B94197 /* Main.storyboard in Resources */ = {isa = PBXBuildFile; fileRef = B8987BC7925A4A2D1D8D660C /* Main.storyboard */; };
		C4FEF63B1471E6AD3F722AFB /* LaunchScreen.xib in Resources */ = {isa = PBXBuildFile; fileRef = BB3C4CA3B0AAA0A0B2297890 /* LaunchScreen.xib */; };
		DE32892D1F07AD04DEA476B4 /* AppDelegate.swift in Sources */ = {isa = PBXBuildFile; fileRef = 7BE7F5996C30645953918C6D /* AppDelegate.swift */; };
		F5C75D3AF4B5E5CD0C0D011C /* Settings.bundle in Resources */ = {isa = PBXBuildFile; fileRef = 3C003A730376CD6BBB6C201F /* Settings.bundle */; };
/* End PBXBuildFile section */

/* Begin PBXContainerItemProxy section */
		58E1EF5B0057FF73F6B2623F /* PBXContainerItemProxy */ = {
			isa = PBXContainerItemProxy;
			containerPortal = FCBF73F12ED18FF09A80D141 /* Project object */;
			proxyType = 1;
			remoteGlobalIDString = 51F519E5BE7DDD73DD1A4D60;
			remoteInfo = "matome-news";
		};
		68E87AA31D1ED449001B67FB /* PBXContainerItemProxy */ = {
			isa = PBXContainerItemProxy;
			containerPortal = FCBF73F12ED18FF09A80D141 /* Project object */;
			proxyType = 1;
			remoteGlobalIDString = 68E87A9D1D1ED449001B67FB;
			remoteInfo = Shared;
		};
/* End PBXContainerItemProxy section */

/* Begin PBXCopyFilesBuildPhase section */
		68E87AAA1D1ED449001B67FB /* Embed Frameworks */ = {
			isa = PBXCopyFilesBuildPhase;
			buildActionMask = 2147483647;
			dstPath = "";
			dstSubfolderSpec = 10;
			files = (
				68E87AA61D1ED449001B67FB /* Shared.framework in Embed Frameworks */,
			);
			name = "Embed Frameworks";
			runOnlyForDeploymentPostprocessing = 0;
		};
/* End PBXCopyFilesBuildPhase section */

/* Begin PBXFileReference section */
		0953FB075EE9BEB0306844EC /* matome-news.app */ = {isa = PBXFileReference; explicitFileType = wrapper.application; includeInIndex = 0; path = "matome-news.app"; sourceTree = BUILT_PRODUCTS_DIR; };
		2AE768FA1DB65DBA59F50D68 /* UnitTests.xctest */ = {isa = PBXFileReference; explicitFileType = wrapper.cfbundle; includeInIndex = 0; path = UnitTests.xctest; sourceTree = BUILT_PRODUCTS_DIR; };
		3C003A730376CD6BBB6C201F /* Settings.bundle */ = {isa = PBXFileReference; includeInIndex = 1; lastKnownFileType = "wrapper.plug-in"; path = Settings.bundle; sourceTree = "<group>"; };
		6857E7591D21528A00AE70D5 /* IntroViewController.swift */ = {isa = PBXFileReference; fileEncoding = 4; lastKnownFileType = sourcecode.swift; path = IntroViewController.swift; sourceTree = "<group>"; };
		6857E75B1D2152C700AE70D5 /* Intro.xcassets */ = {isa = PBXFileReference; lastKnownFileType = folder.assetcatalog; path = Intro.xcassets; sourceTree = "<group>"; };
		68E87A1A1D1D799F001B67FB /* Alamofire.framework */ = {isa = PBXFileReference; lastKnownFileType = wrapper.framework; name = Alamofire.framework; path = Carthage/Build/iOS/Alamofire.framework; sourceTree = "<group>"; };
		68E87A1B1D1D799F001B67FB /* AlamofireObjectMapper.framework */ = {isa = PBXFileReference; lastKnownFileType = wrapper.framework; name = AlamofireObjectMapper.framework; path = Carthage/Build/iOS/AlamofireObjectMapper.framework; sourceTree = "<group>"; };
		68E87A1C1D1D799F001B67FB /* Async.framework */ = {isa = PBXFileReference; lastKnownFileType = wrapper.framework; name = Async.framework; path = Carthage/Build/iOS/Async.framework; sourceTree = "<group>"; };
		68E87A1D1D1D799F001B67FB /* Dollar.framework */ = {isa = PBXFileReference; lastKnownFileType = wrapper.framework; name = Dollar.framework; path = Carthage/Build/iOS/Dollar.framework; sourceTree = "<group>"; };
		68E87A1E1D1D799F001B67FB /* Haneke.framework */ = {isa = PBXFileReference; lastKnownFileType = wrapper.framework; name = Haneke.framework; path = Carthage/Build/iOS/Haneke.framework; sourceTree = "<group>"; };
		68E87A201D1D799F001B67FB /* Material.framework */ = {isa = PBXFileReference; lastKnownFileType = wrapper.framework; name = Material.framework; path = Carthage/Build/iOS/Material.framework; sourceTree = "<group>"; };
		68E87A211D1D799F001B67FB /* Neon.framework */ = {isa = PBXFileReference; lastKnownFileType = wrapper.framework; name = Neon.framework; path = Carthage/Build/iOS/Neon.framework; sourceTree = "<group>"; };
		68E87A221D1D799F001B67FB /* ObjectMapper.framework */ = {isa = PBXFileReference; lastKnownFileType = wrapper.framework; name = ObjectMapper.framework; path = Carthage/Build/iOS/ObjectMapper.framework; sourceTree = "<group>"; };
		68E87A231D1D799F001B67FB /* PageMenu.framework */ = {isa = PBXFileReference; lastKnownFileType = wrapper.framework; name = PageMenu.framework; path = Carthage/Build/iOS/PageMenu.framework; sourceTree = "<group>"; };
		68E87A241D1D799F001B67FB /* PageMenuFramework.framework */ = {isa = PBXFileReference; lastKnownFileType = wrapper.framework; name = PageMenuFramework.framework; path = Carthage/Build/iOS/PageMenuFramework.framework; sourceTree = "<group>"; };
		68E87A251D1D799F001B67FB /* PromiseKit.framework */ = {isa = PBXFileReference; lastKnownFileType = wrapper.framework; name = PromiseKit.framework; path = Carthage/Build/iOS/PromiseKit.framework; sourceTree = "<group>"; };
		68E87A261D1D799F001B67FB /* Realm.framework */ = {isa = PBXFileReference; lastKnownFileType = wrapper.framework; name = Realm.framework; path = Carthage/Build/iOS/Realm.framework; sourceTree = "<group>"; };
		68E87A271D1D799F001B67FB /* RealmSwift.framework */ = {isa = PBXFileReference; lastKnownFileType = wrapper.framework; name = RealmSwift.framework; path = Carthage/Build/iOS/RealmSwift.framework; sourceTree = "<group>"; };
		68E87A281D1D799F001B67FB /* RxBlocking.framework */ = {isa = PBXFileReference; lastKnownFileType = wrapper.framework; name = RxBlocking.framework; path = Carthage/Build/iOS/RxBlocking.framework; sourceTree = "<group>"; };
		68E87A291D1D799F001B67FB /* RxCocoa.framework */ = {isa = PBXFileReference; lastKnownFileType = wrapper.framework; name = RxCocoa.framework; path = Carthage/Build/iOS/RxCocoa.framework; sourceTree = "<group>"; };
		68E87A2A1D1D799F001B67FB /* RxSwift.framework */ = {isa = PBXFileReference; lastKnownFileType = wrapper.framework; name = RxSwift.framework; path = Carthage/Build/iOS/RxSwift.framework; sourceTree = "<group>"; };
		68E87A2B1D1D799F001B67FB /* SnapKit.framework */ = {isa = PBXFileReference; lastKnownFileType = wrapper.framework; name = SnapKit.framework; path = Carthage/Build/iOS/SnapKit.framework; sourceTree = "<group>"; };
		68E87A2C1D1D799F001B67FB /* Spring.framework */ = {isa = PBXFileReference; lastKnownFileType = wrapper.framework; name = Spring.framework; path = Carthage/Build/iOS/Spring.framework; sourceTree = "<group>"; };
		68E87A2D1D1D799F001B67FB /* SwiftMoment.framework */ = {isa = PBXFileReference; lastKnownFileType = wrapper.framework; name = SwiftMoment.framework; path = Carthage/Build/iOS/SwiftMoment.framework; sourceTree = "<group>"; };
		68E87A2E1D1D799F001B67FB /* SwiftyJSON.framework */ = {isa = PBXFileReference; lastKnownFileType = wrapper.framework; name = SwiftyJSON.framework; path = Carthage/Build/iOS/SwiftyJSON.framework; sourceTree = "<group>"; };
		68E87A2F1D1D799F001B67FB /* SwiftyUserDefaults.framework */ = {isa = PBXFileReference; lastKnownFileType = wrapper.framework; name = SwiftyUserDefaults.framework; path = Carthage/Build/iOS/SwiftyUserDefaults.framework; sourceTree = "<group>"; };
		68E87A301D1D799F001B67FB /* XCGLogger.framework */ = {isa = PBXFileReference; lastKnownFileType = wrapper.framework; name = XCGLogger.framework; path = Carthage/Build/iOS/XCGLogger.framework; sourceTree = "<group>"; };
		68E87A9E1D1ED449001B67FB /* Shared.framework */ = {isa = PBXFileReference; explicitFileType = wrapper.framework; includeInIndex = 0; path = Shared.framework; sourceTree = BUILT_PRODUCTS_DIR; };
		68E87AA01D1ED449001B67FB /* Shared.h */ = {isa = PBXFileReference; lastKnownFileType = sourcecode.c.h; path = Shared.h; sourceTree = "<group>"; };
		68E87AA21D1ED449001B67FB /* Info.plist */ = {isa = PBXFileReference; lastKnownFileType = text.plist.xml; path = Info.plist; sourceTree = "<group>"; };
		68E87AB21D1ED8BD001B67FB /* Logger.swift */ = {isa = PBXFileReference; fileEncoding = 4; lastKnownFileType = sourcecode.swift; path = Logger.swift; sourceTree = "<group>"; };
		68E87AB51D1ED996001B67FB /* RollingFileLogger.swift */ = {isa = PBXFileReference; fileEncoding = 4; lastKnownFileType = sourcecode.swift; path = RollingFileLogger.swift; sourceTree = "<group>"; };
		68E87AB81D1EDAB5001B67FB /* AlamofireExtensions.swift */ = {isa = PBXFileReference; fileEncoding = 4; lastKnownFileType = sourcecode.swift; path = AlamofireExtensions.swift; sourceTree = "<group>"; };
		68E87AB91D1EDAB5001B67FB /* ArrayExtensions.swift */ = {isa = PBXFileReference; fileEncoding = 4; lastKnownFileType = sourcecode.swift; path = ArrayExtensions.swift; sourceTree = "<group>"; };
		68E87ABA1D1EDAB5001B67FB /* GeometryExtensions.swift */ = {isa = PBXFileReference; fileEncoding = 4; lastKnownFileType = sourcecode.swift; path = GeometryExtensions.swift; sourceTree = "<group>"; };
		68E87ABC1D1EDAB5001B67FB /* HexExtensions.swift */ = {isa = PBXFileReference; fileEncoding = 4; lastKnownFileType = sourcecode.swift; path = HexExtensions.swift; sourceTree = "<group>"; };
		68E87ABD1D1EDAB5001B67FB /* NSCharacterSetExtensions.swift */ = {isa = PBXFileReference; fileEncoding = 4; lastKnownFileType = sourcecode.swift; path = NSCharacterSetExtensions.swift; sourceTree = "<group>"; };
		68E87ABE1D1EDAB5001B67FB /* NSFileManagerExtensions.swift */ = {isa = PBXFileReference; fileEncoding = 4; lastKnownFileType = sourcecode.swift; path = NSFileManagerExtensions.swift; sourceTree = "<group>"; };
		68E87ABF1D1EDAB5001B67FB /* NSMutableAttributedStringExtensions.swift */ = {isa = PBXFileReference; fileEncoding = 4; lastKnownFileType = sourcecode.swift; path = NSMutableAttributedStringExtensions.swift; sourceTree = "<group>"; };
		68E87AC01D1EDAB5001B67FB /* NSScannerExtensions.swift */ = {isa = PBXFileReference; fileEncoding = 4; lastKnownFileType = sourcecode.swift; path = NSScannerExtensions.swift; sourceTree = "<group>"; };
		68E87AC11D1EDAB5001B67FB /* NSStringExtensions.swift */ = {isa = PBXFileReference; fileEncoding = 4; lastKnownFileType = sourcecode.swift; path = NSStringExtensions.swift; sourceTree = "<group>"; };
		68E87AC21D1EDAB5001B67FB /* NSURLExtensions.swift */ = {isa = PBXFileReference; fileEncoding = 4; lastKnownFileType = sourcecode.swift; path = NSURLExtensions.swift; sourceTree = "<group>"; };
		68E87AC31D1EDAB5001B67FB /* NSURLProtectionSpaceExtensions.swift */ = {isa = PBXFileReference; fileEncoding = 4; lastKnownFileType = sourcecode.swift; path = NSURLProtectionSpaceExtensions.swift; sourceTree = "<group>"; };
		68E87AC41D1EDAB5001B67FB /* SetExtensions.swift */ = {isa = PBXFileReference; fileEncoding = 4; lastKnownFileType = sourcecode.swift; path = SetExtensions.swift; sourceTree = "<group>"; };
		68E87AC51D1EDAB5001B67FB /* StringExtensions.swift */ = {isa = PBXFileReference; fileEncoding = 4; lastKnownFileType = sourcecode.swift; path = StringExtensions.swift; sourceTree = "<group>"; };
		68E87AC61D1EDAB5001B67FB /* UIColorExtensions.swift */ = {isa = PBXFileReference; fileEncoding = 4; lastKnownFileType = sourcecode.swift; path = UIColorExtensions.swift; sourceTree = "<group>"; };
		68E87AC71D1EDAB5001B67FB /* UIImageExtensions.swift */ = {isa = PBXFileReference; fileEncoding = 4; lastKnownFileType = sourcecode.swift; path = UIImageExtensions.swift; sourceTree = "<group>"; };
		68E87AC81D1EDAB5001B67FB /* UIViewExtensions.swift */ = {isa = PBXFileReference; fileEncoding = 4; lastKnownFileType = sourcecode.swift; path = UIViewExtensions.swift; sourceTree = "<group>"; };
		68E87ADA1D1EE118001B67FB /* WebImage.framework */ = {isa = PBXFileReference; lastKnownFileType = wrapper.framework; name = WebImage.framework; path = Carthage/Build/iOS/WebImage.framework; sourceTree = "<group>"; };
		68E87AE31D1EE770001B67FB /* Bridging-Header.h */ = {isa = PBXFileReference; lastKnownFileType = sourcecode.c.h; path = "Bridging-Header.h"; sourceTree = "<group>"; };
		72E613607AC69214BBEE151A /* Info.plist */ = {isa = PBXFileReference; includeInIndex = 1; lastKnownFileType = text.plist.xml; path = Info.plist; sourceTree = "<group>"; };
		74AB9E09EFAB834174F93117 /* UnitTests-Info.plist */ = {isa = PBXFileReference; includeInIndex = 1; lastKnownFileType = text.plist.xml; path = "UnitTests-Info.plist"; sourceTree = "<group>"; };
		7BE7F5996C30645953918C6D /* AppDelegate.swift */ = {isa = PBXFileReference; includeInIndex = 1; lastKnownFileType = sourcecode.swift; path = AppDelegate.swift; sourceTree = "<group>"; };
		B8987BC7925A4A2D1D8D660C /* Main.storyboard */ = {isa = PBXFileReference; includeInIndex = 1; lastKnownFileType = file.storyboard; path = Main.storyboard; sourceTree = "<group>"; };
		B8EC20F173B514BB15EFF9CC /* Images.xcassets */ = {isa = PBXFileReference; includeInIndex = 1; lastKnownFileType = folder.assetcatalog; path = Images.xcassets; sourceTree = "<group>"; };
		BB3C4CA3B0AAA0A0B2297890 /* LaunchScreen.xib */ = {isa = PBXFileReference; includeInIndex = 1; lastKnownFileType = file.xib; path = LaunchScreen.xib; sourceTree = "<group>"; };
/* End PBXFileReference section */

/* Begin PBXFrameworksBuildPhase section */
		16E4AC418634B362D3124B95 /* Frameworks */ = {
			isa = PBXFrameworksBuildPhase;
			buildActionMask = 2147483647;
			files = (
			);
			runOnlyForDeploymentPostprocessing = 0;
		};
		68E87A9A1D1ED449001B67FB /* Frameworks */ = {
			isa = PBXFrameworksBuildPhase;
			buildActionMask = 2147483647;
			files = (
				68E87AB41D1ED938001B67FB /* XCGLogger.framework in Frameworks */,
				68E87ADB1D1EE118001B67FB /* WebImage.framework in Frameworks */,
			);
			runOnlyForDeploymentPostprocessing = 0;
		};
		A2AB14670437E3DD74107A47 /* Frameworks */ = {
			isa = PBXFrameworksBuildPhase;
			buildActionMask = 2147483647;
			files = (
				68E87A441D1D799F001B67FB /* SwiftMoment.framework in Frameworks */,
				68E87A381D1D799F001B67FB /* Neon.framework in Frameworks */,
				68E87A411D1D799F001B67FB /* RxSwift.framework in Frameworks */,
				68E87A391D1D799F001B67FB /* ObjectMapper.framework in Frameworks */,
				68E87A3F1D1D799F001B67FB /* RxBlocking.framework in Frameworks */,
				68E87A451D1D799F001B67FB /* SwiftyJSON.framework in Frameworks */,
				68E87A3D1D1D799F001B67FB /* Realm.framework in Frameworks */,
				68E87A331D1D799F001B67FB /* Async.framework in Frameworks */,
				68E87A351D1D799F001B67FB /* Haneke.framework in Frameworks */,
				68E87A401D1D799F001B67FB /* RxCocoa.framework in Frameworks */,
				68E87A461D1D799F001B67FB /* SwiftyUserDefaults.framework in Frameworks */,
				68E87A421D1D799F001B67FB /* SnapKit.framework in Frameworks */,
				68E87A341D1D799F001B67FB /* Dollar.framework in Frameworks */,
				68E87A3B1D1D799F001B67FB /* PageMenuFramework.framework in Frameworks */,
				68E87A3A1D1D799F001B67FB /* PageMenu.framework in Frameworks */,
				68E87A471D1D799F001B67FB /* XCGLogger.framework in Frameworks */,
				68E87A3C1D1D799F001B67FB /* PromiseKit.framework in Frameworks */,
				68E87A3E1D1D799F001B67FB /* RealmSwift.framework in Frameworks */,
				68E87AA51D1ED449001B67FB /* Shared.framework in Frameworks */,
				68E87A371D1D799F001B67FB /* Material.framework in Frameworks */,
				68E87A321D1D799F001B67FB /* AlamofireObjectMapper.framework in Frameworks */,
				68E87A311D1D799F001B67FB /* Alamofire.framework in Frameworks */,
				68E87A431D1D799F001B67FB /* Spring.framework in Frameworks */,
			);
			runOnlyForDeploymentPostprocessing = 0;
		};
/* End PBXFrameworksBuildPhase section */

/* Begin PBXGroup section */
		5891937D276B38FB1189D37F /* Protocols */ = {
			isa = PBXGroup;
			children = (
			);
			path = Protocols;
			sourceTree = "<group>";
		};
		5D0A4BD7A84668BBAD208830 /* Other-Sources */ = {
			isa = PBXGroup;
			children = (
				72E613607AC69214BBEE151A /* Info.plist */,
				68E87AE31D1EE770001B67FB /* Bridging-Header.h */,
			);
			path = "Other-Sources";
			sourceTree = "<group>";
		};
		65C9FE7CD6A6C3AD49C4B9D6 /* Extensions */ = {
			isa = PBXGroup;
			children = (
			);
			path = Extensions;
			sourceTree = "<group>";
		};
		68E87A9F1D1ED449001B67FB /* Shared */ = {
			isa = PBXGroup;
			children = (
				68E87AA01D1ED449001B67FB /* Shared.h */,
				68E87AA21D1ED449001B67FB /* Info.plist */,
			);
			path = Shared;
			sourceTree = "<group>";
		};
		68E87AB11D1ED8BD001B67FB /* Utils */ = {
			isa = PBXGroup;
			children = (
				68E87AB71D1EDAB5001B67FB /* Extensions */,
				68E87AB21D1ED8BD001B67FB /* Logger.swift */,
				68E87AB51D1ED996001B67FB /* RollingFileLogger.swift */,
			);
			path = Utils;
			sourceTree = "<group>";
		};
		68E87AB71D1EDAB5001B67FB /* Extensions */ = {
			isa = PBXGroup;
			children = (
				68E87AB81D1EDAB5001B67FB /* AlamofireExtensions.swift */,
				68E87AB91D1EDAB5001B67FB /* ArrayExtensions.swift */,
				68E87ABA1D1EDAB5001B67FB /* GeometryExtensions.swift */,
				68E87ABC1D1EDAB5001B67FB /* HexExtensions.swift */,
				68E87ABD1D1EDAB5001B67FB /* NSCharacterSetExtensions.swift */,
				68E87ABE1D1EDAB5001B67FB /* NSFileManagerExtensions.swift */,
				68E87ABF1D1EDAB5001B67FB /* NSMutableAttributedStringExtensions.swift */,
				68E87AC01D1EDAB5001B67FB /* NSScannerExtensions.swift */,
				68E87AC11D1EDAB5001B67FB /* NSStringExtensions.swift */,
				68E87AC21D1EDAB5001B67FB /* NSURLExtensions.swift */,
				68E87AC31D1EDAB5001B67FB /* NSURLProtectionSpaceExtensions.swift */,
				68E87AC41D1EDAB5001B67FB /* SetExtensions.swift */,
				68E87AC51D1EDAB5001B67FB /* StringExtensions.swift */,
				68E87AC61D1EDAB5001B67FB /* UIColorExtensions.swift */,
				68E87AC71D1EDAB5001B67FB /* UIImageExtensions.swift */,
				68E87AC81D1EDAB5001B67FB /* UIViewExtensions.swift */,
			);
			path = Extensions;
			sourceTree = "<group>";
		};
		6C0FB5210A4A89E192295230 /* Models */ = {
			isa = PBXGroup;
			children = (
			);
			path = Models;
			sourceTree = "<group>";
		};
		7CA95123CDBAA8D7847E9411 /* Helpers */ = {
			isa = PBXGroup;
			children = (
			);
			path = Helpers;
			sourceTree = "<group>";
		};
		840FF56F77D0E27AF3FE6B45 /* ViewModels */ = {
			isa = PBXGroup;
			children = (
			);
			path = ViewModels;
			sourceTree = "<group>";
		};
		94FA404B6C21D3BCA1E3ADA4 /* Frameworks */ = {
			isa = PBXGroup;
			children = (
				FC25DFF97B79D492410BD490 /* iOS */,
			);
			name = Frameworks;
			sourceTree = "<group>";
		};
		983094DA16A33981D9F308D3 /* Views */ = {
			isa = PBXGroup;
			children = (
			);
			path = Views;
			sourceTree = "<group>";
		};
		A419411CB89A7E99D6804DF9 /* Controllers */ = {
			isa = PBXGroup;
			children = (
				7BE7F5996C30645953918C6D /* AppDelegate.swift */,
				6857E7591D21528A00AE70D5 /* IntroViewController.swift */,
			);
			path = Controllers;
			sourceTree = "<group>";
		};
		A6410DB25591A24F54A68A25 /* Nibs */ = {
			isa = PBXGroup;
			children = (
				BB3C4CA3B0AAA0A0B2297890 /* LaunchScreen.xib */,
			);
			path = Nibs;
			sourceTree = "<group>";
		};
		A6D0D0F990F85708BC484BE8 /* Tests */ = {
			isa = PBXGroup;
			children = (
			);
			path = Tests;
			sourceTree = "<group>";
		};
		BD5A4FE14D3C8A9973943011 /* UnitTests */ = {
			isa = PBXGroup;
			children = (
				DF01063ED0F8FDCF3B0B428B /* Resources */,
				7CA95123CDBAA8D7847E9411 /* Helpers */,
				A6D0D0F990F85708BC484BE8 /* Tests */,
			);
			path = UnitTests;
			sourceTree = "<group>";
		};
		C070FE8E7D53AEBD1DD6C104 = {
			isa = PBXGroup;
			children = (
				F3202EDCA0A132AAE8164B01 /* matome-news */,
				BD5A4FE14D3C8A9973943011 /* UnitTests */,
				68E87A9F1D1ED449001B67FB /* Shared */,
				94FA404B6C21D3BCA1E3ADA4 /* Frameworks */,
				D781832B8D3699B281359EFF /* Products */,
				68E87AB11D1ED8BD001B67FB /* Utils */,
			);
			indentWidth = 2;
			sourceTree = "<group>";
			tabWidth = 2;
			usesTabs = 0;
		};
		D781832B8D3699B281359EFF /* Products */ = {
			isa = PBXGroup;
			children = (
				0953FB075EE9BEB0306844EC /* matome-news.app */,
				2AE768FA1DB65DBA59F50D68 /* UnitTests.xctest */,
				68E87A9E1D1ED449001B67FB /* Shared.framework */,
			);
			name = Products;
			sourceTree = "<group>";
		};
		DF01063ED0F8FDCF3B0B428B /* Resources */ = {
			isa = PBXGroup;
			children = (
				74AB9E09EFAB834174F93117 /* UnitTests-Info.plist */,
			);
			path = Resources;
			sourceTree = "<group>";
		};
		F02F9DE26A1AFA228D468BF3 /* Storyboards */ = {
			isa = PBXGroup;
			children = (
				B8987BC7925A4A2D1D8D660C /* Main.storyboard */,
			);
			path = Storyboards;
			sourceTree = "<group>";
		};
		F3202EDCA0A132AAE8164B01 /* matome-news */ = {
			isa = PBXGroup;
			children = (
				65C9FE7CD6A6C3AD49C4B9D6 /* Extensions */,
				5891937D276B38FB1189D37F /* Protocols */,
				6C0FB5210A4A89E192295230 /* Models */,
				840FF56F77D0E27AF3FE6B45 /* ViewModels */,
				A419411CB89A7E99D6804DF9 /* Controllers */,
				983094DA16A33981D9F308D3 /* Views */,
				FBF15F37AB8ECAD9158BF5CC /* Resources */,
			);
			path = "matome-news";
			sourceTree = "<group>";
		};
		FBF15F37AB8ECAD9158BF5CC /* Resources */ = {
			isa = PBXGroup;
			children = (
				B8EC20F173B514BB15EFF9CC /* Images.xcassets */,
				6857E75B1D2152C700AE70D5 /* Intro.xcassets */,
				F02F9DE26A1AFA228D468BF3 /* Storyboards */,
				A6410DB25591A24F54A68A25 /* Nibs */,
				5D0A4BD7A84668BBAD208830 /* Other-Sources */,
				3C003A730376CD6BBB6C201F /* Settings.bundle */,
			);
			path = Resources;
			sourceTree = "<group>";
		};
		FC25DFF97B79D492410BD490 /* iOS */ = {
			isa = PBXGroup;
			children = (
				68E87A1A1D1D799F001B67FB /* Alamofire.framework */,
				68E87A1B1D1D799F001B67FB /* AlamofireObjectMapper.framework */,
				68E87A1C1D1D799F001B67FB /* Async.framework */,
				68E87A1D1D1D799F001B67FB /* Dollar.framework */,
				68E87A1E1D1D799F001B67FB /* Haneke.framework */,
				68E87A201D1D799F001B67FB /* Material.framework */,
				68E87A211D1D799F001B67FB /* Neon.framework */,
				68E87A221D1D799F001B67FB /* ObjectMapper.framework */,
				68E87A231D1D799F001B67FB /* PageMenu.framework */,
				68E87A241D1D799F001B67FB /* PageMenuFramework.framework */,
				68E87A251D1D799F001B67FB /* PromiseKit.framework */,
				68E87A261D1D799F001B67FB /* Realm.framework */,
				68E87A271D1D799F001B67FB /* RealmSwift.framework */,
				68E87A281D1D799F001B67FB /* RxBlocking.framework */,
				68E87A291D1D799F001B67FB /* RxCocoa.framework */,
				68E87A2A1D1D799F001B67FB /* RxSwift.framework */,
				68E87A2B1D1D799F001B67FB /* SnapKit.framework */,
				68E87A2C1D1D799F001B67FB /* Spring.framework */,
				68E87A2D1D1D799F001B67FB /* SwiftMoment.framework */,
				68E87A2E1D1D799F001B67FB /* SwiftyJSON.framework */,
				68E87A2F1D1D799F001B67FB /* SwiftyUserDefaults.framework */,
				68E87ADA1D1EE118001B67FB /* WebImage.framework */,
				68E87A301D1D799F001B67FB /* XCGLogger.framework */,
			);
			name = iOS;
			sourceTree = "<group>";
		};
/* End PBXGroup section */

/* Begin PBXHeadersBuildPhase section */
		68E87A9B1D1ED449001B67FB /* Headers */ = {
			isa = PBXHeadersBuildPhase;
			buildActionMask = 2147483647;
			files = (
				68E87AA11D1ED449001B67FB /* Shared.h in Headers */,
			);
			runOnlyForDeploymentPostprocessing = 0;
		};
/* End PBXHeadersBuildPhase section */

/* Begin PBXNativeTarget section */
		239D65B74CEF793601DDE32E /* UnitTests */ = {
			isa = PBXNativeTarget;
			buildConfigurationList = 7DE8011405E5CB8046BDFCFD /* Build configuration list for PBXNativeTarget "UnitTests" */;
			buildPhases = (
				DD5F57DFA0EC889E9C43D196 /* Sources */,
				16E4AC418634B362D3124B95 /* Frameworks */,
				6422E96B683301E37CD6576D /* Resources */,
			);
			buildRules = (
			);
			dependencies = (
				F305DE0441177DB743EFB6D0 /* PBXTargetDependency */,
			);
			name = UnitTests;
			productName = UnitTests;
			productReference = 2AE768FA1DB65DBA59F50D68 /* UnitTests.xctest */;
			productType = "com.apple.product-type.bundle.unit-test";
		};
		51F519E5BE7DDD73DD1A4D60 /* matome-news */ = {
			isa = PBXNativeTarget;
			buildConfigurationList = 2D1D5D0BE1A589B494324C26 /* Build configuration list for PBXNativeTarget "matome-news" */;
			buildPhases = (
				021F41B445709D698B3CB24A /* Sources */,
				A2AB14670437E3DD74107A47 /* Frameworks */,
				396191FC8944F2AB2AF35B74 /* Resources */,
				D39CE10D1B46BBFA7CF5C7CF /* Warn for TODO and FIXME comments */,
				08887B242EB56C25DD197A90 /* Set version number */,
				C0107307109A51B76C7377BD /* Copy frameworks (Carthage) */,
				68E87AAA1D1ED449001B67FB /* Embed Frameworks */,
				6857E75D1D22347000AE70D5 /* ShellScript */,
			);
			buildRules = (
			);
			dependencies = (
				68E87AA41D1ED449001B67FB /* PBXTargetDependency */,
			);
			name = "matome-news";
			productName = "matome-news";
			productReference = 0953FB075EE9BEB0306844EC /* matome-news.app */;
			productType = "com.apple.product-type.application";
		};
		68E87A9D1D1ED449001B67FB /* Shared */ = {
			isa = PBXNativeTarget;
			buildConfigurationList = 68E87AA71D1ED449001B67FB /* Build configuration list for PBXNativeTarget "Shared" */;
			buildPhases = (
				68E87A991D1ED449001B67FB /* Sources */,
				68E87A9A1D1ED449001B67FB /* Frameworks */,
				68E87A9B1D1ED449001B67FB /* Headers */,
				68E87A9C1D1ED449001B67FB /* Resources */,
			);
			buildRules = (
			);
			dependencies = (
			);
			name = Shared;
			productName = Shared;
			productReference = 68E87A9E1D1ED449001B67FB /* Shared.framework */;
			productType = "com.apple.product-type.framework";
		};
/* End PBXNativeTarget section */

/* Begin PBXProject section */
		FCBF73F12ED18FF09A80D141 /* Project object */ = {
			isa = PBXProject;
			attributes = {
				CLASSPREFIX = SB;
				LastSwiftUpdateCheck = 0730;
				LastUpgradeCheck = 0730;
				ORGANIZATIONNAME = sandbox.io;
				TargetAttributes = {
					68E87A9D1D1ED449001B67FB = {
						CreatedOnToolsVersion = 7.3.1;
					};
				};
			};
			buildConfigurationList = A3459115D3781285ED9DB4B8 /* Build configuration list for PBXProject "matome-news" */;
			compatibilityVersion = "Xcode 3.2";
			developmentRegion = English;
			hasScannedForEncodings = 0;
			knownRegions = (
				en,
			);
			mainGroup = C070FE8E7D53AEBD1DD6C104;
			productRefGroup = D781832B8D3699B281359EFF /* Products */;
			projectDirPath = "";
			projectRoot = "";
			targets = (
				51F519E5BE7DDD73DD1A4D60 /* matome-news */,
				239D65B74CEF793601DDE32E /* UnitTests */,
				68E87A9D1D1ED449001B67FB /* Shared */,
			);
		};
/* End PBXProject section */

/* Begin PBXResourcesBuildPhase section */
		396191FC8944F2AB2AF35B74 /* Resources */ = {
			isa = PBXResourcesBuildPhase;
			buildActionMask = 2147483647;
			files = (
				A318616AF7275D9B048CE57F /* Images.xcassets in Resources */,
				6857E75C1D2152C700AE70D5 /* Intro.xcassets in Resources */,
				BBCF316FD127D7B343B94197 /* Main.storyboard in Resources */,
				C4FEF63B1471E6AD3F722AFB /* LaunchScreen.xib in Resources */,
				F5C75D3AF4B5E5CD0C0D011C /* Settings.bundle in Resources */,
			);
			runOnlyForDeploymentPostprocessing = 0;
		};
		6422E96B683301E37CD6576D /* Resources */ = {
			isa = PBXResourcesBuildPhase;
			buildActionMask = 2147483647;
			files = (
			);
			runOnlyForDeploymentPostprocessing = 0;
		};
		68E87A9C1D1ED449001B67FB /* Resources */ = {
			isa = PBXResourcesBuildPhase;
			buildActionMask = 2147483647;
			files = (
			);
			runOnlyForDeploymentPostprocessing = 0;
		};
/* End PBXResourcesBuildPhase section */

/* Begin PBXShellScriptBuildPhase section */
		08887B242EB56C25DD197A90 /* Set version number */ = {
			isa = PBXShellScriptBuildPhase;
			buildActionMask = 2147483647;
			files = (
			);
			inputPaths = (
			);
			name = "Set version number";
			outputPaths = (
			);
			runOnlyForDeploymentPostprocessing = 0;
			shellPath = /bin/sh;
			shellScript = "git=$(sh /etc/profile; which git)\ngit_release_version=$(\"$git\" describe --tags --always --abbrev=0)\nnumber_of_commits=$(\"$git\" rev-list master --count)\ntarget_plist=\"$TARGET_BUILD_DIR/$INFOPLIST_PATH\"\ndsym_plist=\"$DWARF_DSYM_FOLDER_PATH/$DWARF_DSYM_FILE_NAME/Contents/Info.plist\"\n\nfor plist in \"$target_plist\" \"$dsym_plist\"; do\n  if [ -f \"$plist\" ]; then\n    /usr/libexec/PlistBuddy -c \"Set :CFBundleVersion $number_of_commits\" \"$plist\"\n    /usr/libexec/PlistBuddy -c \"Set :CFBundleShortVersionString ${git_release_version#*v}\" \"$plist\"\n  fi\ndone\n";
		};
		6857E75D1D22347000AE70D5 /* ShellScript */ = {
			isa = PBXShellScriptBuildPhase;
			buildActionMask = 2147483647;
			files = (
			);
			inputPaths = (
			);
			outputPaths = (
			);
			runOnlyForDeploymentPostprocessing = 0;
			shellPath = /bin/sh;
			shellScript = "if which swiftlint >/dev/null; then\n    swiftlint\nelse\n    echo \"warning: SwiftLint not installed, download from https://github.com/realm/SwiftLint\"\nfi";
		};
		C0107307109A51B76C7377BD /* Copy frameworks (Carthage) */ = {
			isa = PBXShellScriptBuildPhase;
			buildActionMask = 2147483647;
			files = (
			);
			inputPaths = (
				"$(SRCROOT)/Carthage/Build/iOS/Alamofire.framework",
				"$(SRCROOT)/Carthage/Build/iOS/AlamofireObjectMapper.framework",
				"$(SRCROOT)/Carthage/Build/iOS/Async.framework",
				"$(SRCROOT)/Carthage/Build/iOS/Dollar.framework",
				"$(SRCROOT)/Carthage/Build/iOS/Haneke.framework",
				"$(SRCROOT)/Carthage/Build/iOS/Material.framework",
				"$(SRCROOT)/Carthage/Build/iOS/Neon.framework",
				"$(SRCROOT)/Carthage/Build/iOS/ObjectMapper.framework",
				"$(SRCROOT)/Carthage/Build/iOS/PageMenu.framework",
				"$(SRCROOT)/Carthage/Build/iOS/PageMenuFramework.framework",
				"$(SRCROOT)/Carthage/Build/iOS/PromiseKit.framework",
				"$(SRCROOT)/Carthage/Build/iOS/Realm.framework",
				"$(SRCROOT)/Carthage/Build/iOS/RealmSwift.framework",
				"$(SRCROOT)/Carthage/Build/iOS/RxBlocking.framework",
				"$(SRCROOT)/Carthage/Build/iOS/RxCocoa.framework",
				"$(SRCROOT)/Carthage/Build/iOS/RxSwift.framework",
				"$(SRCROOT)/Carthage/Build/iOS/SnapKit.framework",
				"$(SRCROOT)/Carthage/Build/iOS/Spring.framework",
				"$(SRCROOT)/Carthage/Build/iOS/SwiftMoment.framework",
				"$(SRCROOT)/Carthage/Build/iOS/SwiftyJSON.framework",
				"$(SRCROOT)/Carthage/Build/iOS/SwiftyUserDefaults.framework",
				"$(SRCROOT)/Carthage/Build/iOS/XCGLogger.framework",
				"$(SRCROOT)/Carthage/Build/iOS/WebImage.framework",
			);
			name = "Copy frameworks (Carthage)";
			outputPaths = (
			);
			runOnlyForDeploymentPostprocessing = 0;
			shellPath = /bin/sh;
			shellScript = "/usr/local/bin/carthage copy-frameworks\n";
		};
		D39CE10D1B46BBFA7CF5C7CF /* Warn for TODO and FIXME comments */ = {
			isa = PBXShellScriptBuildPhase;
			buildActionMask = 2147483647;
			files = (
			);
			inputPaths = (
			);
			name = "Warn for TODO and FIXME comments";
			outputPaths = (
			);
			runOnlyForDeploymentPostprocessing = 0;
			shellPath = /bin/sh;
			shellScript = "KEYWORDS=\"TODO:|FIXME:|\\?\\?\\?:|\\!\\!\\!:\"\nFILE_EXTENSIONS=\"swift|h|m|mm|c|cpp\"\nfind -E \"${SRCROOT}\" -ipath \"${SRCROOT}/Carthage\" -o -ipath \"${SRCROOT}/pods\" -prune -o \\( -regex \".*\\.($FILE_EXTENSIONS)$\" \\) -print0 | xargs -0 egrep --with-filename --line-number --only-matching \"($KEYWORDS).*\\$\" | perl -p -e \"s/($KEYWORDS)/ warning: \\$1/\"\n";
		};
/* End PBXShellScriptBuildPhase section */

/* Begin PBXSourcesBuildPhase section */
		021F41B445709D698B3CB24A /* Sources */ = {
			isa = PBXSourcesBuildPhase;
			buildActionMask = 2147483647;
			files = (
				DE32892D1F07AD04DEA476B4 /* AppDelegate.swift in Sources */,
				6857E75A1D21528A00AE70D5 /* IntroViewController.swift in Sources */,
			);
			runOnlyForDeploymentPostprocessing = 0;
		};
		68E87A991D1ED449001B67FB /* Sources */ = {
			isa = PBXSourcesBuildPhase;
			buildActionMask = 2147483647;
			files = (
				68E87AD01D1EDAB5001B67FB /* NSMutableAttributedStringExtensions.swift in Sources */,
				68E87AD31D1EDAB5001B67FB /* NSURLExtensions.swift in Sources */,
				68E87AB31D1ED8BD001B67FB /* Logger.swift in Sources */,
				68E87ACB1D1EDAB5001B67FB /* GeometryExtensions.swift in Sources */,
				68E87AD21D1EDAB5001B67FB /* NSStringExtensions.swift in Sources */,
				68E87ACF1D1EDAB5001B67FB /* NSFileManagerExtensions.swift in Sources */,
				68E87AB61D1ED996001B67FB /* RollingFileLogger.swift in Sources */,
				68E87AD11D1EDAB5001B67FB /* NSScannerExtensions.swift in Sources */,
				68E87AD71D1EDAB5001B67FB /* UIColorExtensions.swift in Sources */,
				68E87AD81D1EDAB5001B67FB /* UIImageExtensions.swift in Sources */,
				68E87AD91D1EDAB5001B67FB /* UIViewExtensions.swift in Sources */,
				68E87AD61D1EDAB5001B67FB /* StringExtensions.swift in Sources */,
				68E87AD41D1EDAB5001B67FB /* NSURLProtectionSpaceExtensions.swift in Sources */,
				68E87ACE1D1EDAB5001B67FB /* NSCharacterSetExtensions.swift in Sources */,
				68E87ACD1D1EDAB5001B67FB /* HexExtensions.swift in Sources */,
				68E87AC91D1EDAB5001B67FB /* AlamofireExtensions.swift in Sources */,
				68E87ACA1D1EDAB5001B67FB /* ArrayExtensions.swift in Sources */,
				68E87AD51D1EDAB5001B67FB /* SetExtensions.swift in Sources */,
			);
			runOnlyForDeploymentPostprocessing = 0;
		};
		DD5F57DFA0EC889E9C43D196 /* Sources */ = {
			isa = PBXSourcesBuildPhase;
			buildActionMask = 2147483647;
			files = (
			);
			runOnlyForDeploymentPostprocessing = 0;
		};
/* End PBXSourcesBuildPhase section */

/* Begin PBXTargetDependency section */
		68E87AA41D1ED449001B67FB /* PBXTargetDependency */ = {
			isa = PBXTargetDependency;
			target = 68E87A9D1D1ED449001B67FB /* Shared */;
			targetProxy = 68E87AA31D1ED449001B67FB /* PBXContainerItemProxy */;
		};
		F305DE0441177DB743EFB6D0 /* PBXTargetDependency */ = {
			isa = PBXTargetDependency;
			name = "matome-news";
			target = 51F519E5BE7DDD73DD1A4D60 /* matome-news */;
			targetProxy = 58E1EF5B0057FF73F6B2623F /* PBXContainerItemProxy */;
		};
/* End PBXTargetDependency section */

/* Begin XCBuildConfiguration section */
		05B03F048227816C1B535B74 /* Release */ = {
			isa = XCBuildConfiguration;
			buildSettings = {
				ALWAYS_SEARCH_USER_PATHS = NO;
				ASSETCATALOG_COMPILER_APPICON_NAME = AppIcon;
				CLANG_CXX_LANGUAGE_STANDARD = "gnu++0x";
				CLANG_CXX_LIBRARY = "libc++";
				CLANG_ENABLE_MODULES = YES;
				CLANG_ENABLE_OBJC_ARC = YES;
				CLANG_WARN_BOOL_CONVERSION = YES;
				CLANG_WARN_CONSTANT_CONVERSION = YES;
				CLANG_WARN_DEPRECATED_OBJC_IMPLEMENTATIONS = YES;
				CLANG_WARN_DIRECT_OBJC_ISA_USAGE = YES;
				CLANG_WARN_EMPTY_BODY = YES;
				CLANG_WARN_ENUM_CONVERSION = YES;
				CLANG_WARN_IMPLICIT_SIGN_CONVERSION = YES;
				CLANG_WARN_INT_CONVERSION = YES;
				CLANG_WARN_OBJC_IMPLICIT_RETAIN_SELF = YES;
				CLANG_WARN_OBJC_ROOT_CLASS = YES;
				CLANG_WARN_SUSPICIOUS_IMPLICIT_CONVERSION = YES;
				CLANG_WARN_UNREACHABLE_CODE = YES;
				CLANG_WARN__DUPLICATE_METHOD_MATCH = YES;
				"CODE_SIGN_IDENTITY[sdk=iphoneos*]" = "iPhone Developer";
				COPY_PHASE_STRIP = YES;
				ENABLE_NS_ASSERTIONS = NO;
				GCC_C_LANGUAGE_STANDARD = gnu99;
				GCC_WARN_64_TO_32_BIT_CONVERSION = YES;
				GCC_WARN_ABOUT_DEPRECATED_FUNCTIONS = YES;
				GCC_WARN_ABOUT_MISSING_FIELD_INITIALIZERS = YES;
				GCC_WARN_ABOUT_MISSING_NEWLINE = YES;
				GCC_WARN_ABOUT_RETURN_TYPE = YES;
				GCC_WARN_CHECK_SWITCH_STATEMENTS = YES;
				GCC_WARN_INITIALIZER_NOT_FULLY_BRACKETED = YES;
				GCC_WARN_MISSING_PARENTHESES = YES;
				GCC_WARN_SHADOW = YES;
				GCC_WARN_SIGN_COMPARE = YES;
				GCC_WARN_TYPECHECK_CALLS_TO_PRINTF = YES;
				GCC_WARN_UNDECLARED_SELECTOR = YES;
				GCC_WARN_UNINITIALIZED_AUTOS = YES;
				GCC_WARN_UNUSED_FUNCTION = YES;
				GCC_WARN_UNUSED_LABEL = YES;
				GCC_WARN_UNUSED_VALUE = YES;
				GCC_WARN_UNUSED_VARIABLE = YES;
				IPHONEOS_DEPLOYMENT_TARGET = 8.0;
				RUN_CLANG_STATIC_ANALYZER = YES;
				SDKROOT = iphoneos;
				SWIFT_OBJC_BRIDGING_HEADER = "$SRCROOT/matome-news/Resources/Other-Sources/Bridging-Header.h";
				VALIDATE_PRODUCT = YES;
			};
			name = Release;
		};
		4F6D4D6A5AF0E400AF3AAD42 /* Release */ = {
			isa = XCBuildConfiguration;
			buildSettings = {
				BUNDLE_LOADER = "$(BUILT_PRODUCTS_DIR)/matome-news.app/matome-news";
				ENABLE_STRICT_OBJC_MSGSEND = YES;
				FRAMEWORK_SEARCH_PATHS = (
					"$(SDKROOT)/Developer/Library/Frameworks",
					"$(inherited)",
					"$(DEVELOPER_FRAMEWORKS_DIR)",
				);
				INFOPLIST_FILE = "UnitTests/Resources/UnitTests-Info.plist";
				PRODUCT_BUNDLE_IDENTIFIER = "io.sandbox.${PRODUCT_NAME:rfc1034identifier}";
				PRODUCT_NAME = "$(TARGET_NAME)";
				SDKROOT = iphoneos;
				SKIP_INSTALL = YES;
				TEST_HOST = "$(BUNDLE_LOADER)";
				WRAPPER_EXTENSION = xctest;
			};
			name = Release;
		};
		5F12FA828B077BE12992BC4A /* Debug */ = {
			isa = XCBuildConfiguration;
			buildSettings = {
				BUNDLE_LOADER = "$(BUILT_PRODUCTS_DIR)/matome-news.app/matome-news";
				ENABLE_STRICT_OBJC_MSGSEND = YES;
				FRAMEWORK_SEARCH_PATHS = (
					"$(SDKROOT)/Developer/Library/Frameworks",
					"$(inherited)",
					"$(DEVELOPER_FRAMEWORKS_DIR)",
				);
				INFOPLIST_FILE = "UnitTests/Resources/UnitTests-Info.plist";
				PRODUCT_BUNDLE_IDENTIFIER = "io.sandbox.${PRODUCT_NAME:rfc1034identifier}";
				PRODUCT_NAME = "$(TARGET_NAME)";
				SDKROOT = iphoneos;
				SKIP_INSTALL = YES;
				TEST_HOST = "$(BUNDLE_LOADER)";
				WRAPPER_EXTENSION = xctest;
			};
			name = Debug;
		};
		68E87AA81D1ED449001B67FB /* Debug */ = {
			isa = XCBuildConfiguration;
			buildSettings = {
				CLANG_ANALYZER_NONNULL = YES;
				CLANG_ENABLE_MODULES = YES;
				CLANG_WARN_DIRECT_OBJC_ISA_USAGE = YES_ERROR;
				CLANG_WARN_OBJC_ROOT_CLASS = YES_ERROR;
				CURRENT_PROJECT_VERSION = 1;
				DEBUG_INFORMATION_FORMAT = dwarf;
				DEFINES_MODULE = YES;
				DYLIB_COMPATIBILITY_VERSION = 1;
				DYLIB_CURRENT_VERSION = 1;
				DYLIB_INSTALL_NAME_BASE = "@rpath";
				ENABLE_STRICT_OBJC_MSGSEND = YES;
				FRAMEWORK_SEARCH_PATHS = (
					"$(inherited)",
					"$(PROJECT_DIR)/Carthage/Build/iOS",
				);
				GCC_NO_COMMON_BLOCKS = YES;
				GCC_WARN_ABOUT_RETURN_TYPE = YES_ERROR;
				GCC_WARN_UNINITIALIZED_AUTOS = YES_AGGRESSIVE;
				INFOPLIST_FILE = Shared/Info.plist;
				INSTALL_PATH = "$(LOCAL_LIBRARY_DIR)/Frameworks";
				IPHONEOS_DEPLOYMENT_TARGET = 9.3;
				LD_RUNPATH_SEARCH_PATHS = "$(inherited) @executable_path/Frameworks @loader_path/Frameworks";
				MTL_ENABLE_DEBUG_INFO = YES;
				PRODUCT_BUNDLE_IDENTIFIER = io.sandbox.Shared;
				PRODUCT_NAME = "$(TARGET_NAME)";
				SKIP_INSTALL = YES;
				SWIFT_OBJC_BRIDGING_HEADER = "";
				SWIFT_OPTIMIZATION_LEVEL = "-Onone";
				TARGETED_DEVICE_FAMILY = "1,2";
				VERSIONING_SYSTEM = "apple-generic";
				VERSION_INFO_PREFIX = "";
			};
			name = Debug;
		};
		68E87AA91D1ED449001B67FB /* Release */ = {
			isa = XCBuildConfiguration;
			buildSettings = {
				CLANG_ANALYZER_NONNULL = YES;
				CLANG_ENABLE_MODULES = YES;
				CLANG_WARN_DIRECT_OBJC_ISA_USAGE = YES_ERROR;
				CLANG_WARN_OBJC_ROOT_CLASS = YES_ERROR;
				COPY_PHASE_STRIP = NO;
				CURRENT_PROJECT_VERSION = 1;
				DEBUG_INFORMATION_FORMAT = "dwarf-with-dsym";
				DEFINES_MODULE = YES;
				DYLIB_COMPATIBILITY_VERSION = 1;
				DYLIB_CURRENT_VERSION = 1;
				DYLIB_INSTALL_NAME_BASE = "@rpath";
				ENABLE_STRICT_OBJC_MSGSEND = YES;
				FRAMEWORK_SEARCH_PATHS = (
					"$(inherited)",
					"$(PROJECT_DIR)/Carthage/Build/iOS",
				);
				GCC_NO_COMMON_BLOCKS = YES;
				GCC_WARN_ABOUT_RETURN_TYPE = YES_ERROR;
				GCC_WARN_UNINITIALIZED_AUTOS = YES_AGGRESSIVE;
				INFOPLIST_FILE = Shared/Info.plist;
				INSTALL_PATH = "$(LOCAL_LIBRARY_DIR)/Frameworks";
				IPHONEOS_DEPLOYMENT_TARGET = 9.3;
				LD_RUNPATH_SEARCH_PATHS = "$(inherited) @executable_path/Frameworks @loader_path/Frameworks";
				MTL_ENABLE_DEBUG_INFO = NO;
				PRODUCT_BUNDLE_IDENTIFIER = io.sandbox.Shared;
				PRODUCT_NAME = "$(TARGET_NAME)";
				SKIP_INSTALL = YES;
				SWIFT_OBJC_BRIDGING_HEADER = "";
				TARGETED_DEVICE_FAMILY = "1,2";
				VERSIONING_SYSTEM = "apple-generic";
				VERSION_INFO_PREFIX = "";
			};
			name = Release;
		};
		AFD7C5FCB8CCF2C4526026B5 /* Debug */ = {
			isa = XCBuildConfiguration;
			buildSettings = {
				ASSETCATALOG_COMPILER_APPICON_NAME = AppIcon;
				"CODE_SIGN_IDENTITY[sdk=iphoneos*]" = "iPhone Developer";
				EMBEDDED_CONTENT_CONTAINS_SWIFT = YES;
				ENABLE_STRICT_OBJC_MSGSEND = YES;
				FRAMEWORK_SEARCH_PATHS = (
					"$(inherited)",
					"$(PROJECT_DIR)/Carthage/Build/iOS",
				);
				INFOPLIST_FILE = "matome-news/Resources/Other-Sources/Info.plist";
				LD_RUNPATH_SEARCH_PATHS = "$(inherited) @executable_path/Frameworks";
				MTL_ENABLE_DEBUG_INFO = YES;
				PRODUCT_BUNDLE_IDENTIFIER = "io.sandbox.${PRODUCT_NAME:rfc1034identifier}";
				PRODUCT_NAME = "$(TARGET_NAME)";
				SDKROOT = iphoneos;
			};
			name = Debug;
		};
		B2F40B4FE9176E01A6A7928F /* Release */ = {
			isa = XCBuildConfiguration;
			buildSettings = {
				ASSETCATALOG_COMPILER_APPICON_NAME = AppIcon;
				"CODE_SIGN_IDENTITY[sdk=iphoneos*]" = "iPhone Developer";
				EMBEDDED_CONTENT_CONTAINS_SWIFT = YES;
				ENABLE_STRICT_OBJC_MSGSEND = YES;
				FRAMEWORK_SEARCH_PATHS = (
					"$(inherited)",
					"$(PROJECT_DIR)/Carthage/Build/iOS",
				);
				GCC_TREAT_WARNINGS_AS_ERRORS = YES;
				INFOPLIST_FILE = "matome-news/Resources/Other-Sources/Info.plist";
				LD_RUNPATH_SEARCH_PATHS = "$(inherited) @executable_path/Frameworks";
				MTL_ENABLE_DEBUG_INFO = NO;
				PRODUCT_BUNDLE_IDENTIFIER = "io.sandbox.${PRODUCT_NAME:rfc1034identifier}";
				PRODUCT_NAME = "$(TARGET_NAME)";
				SDKROOT = iphoneos;
			};
			name = Release;
		};
		B9D18812624F20C6A8FB2AF2 /* Debug */ = {
			isa = XCBuildConfiguration;
			buildSettings = {
				ALWAYS_SEARCH_USER_PATHS = NO;
				ASSETCATALOG_COMPILER_APPICON_NAME = AppIcon;
				CLANG_CXX_LANGUAGE_STANDARD = "gnu++0x";
				CLANG_CXX_LIBRARY = "libc++";
				CLANG_ENABLE_MODULES = YES;
				CLANG_ENABLE_OBJC_ARC = YES;
				CLANG_WARN_BOOL_CONVERSION = YES;
				CLANG_WARN_CONSTANT_CONVERSION = YES;
				CLANG_WARN_DEPRECATED_OBJC_IMPLEMENTATIONS = YES;
				CLANG_WARN_DIRECT_OBJC_ISA_USAGE = YES;
				CLANG_WARN_EMPTY_BODY = YES;
				CLANG_WARN_ENUM_CONVERSION = YES;
				CLANG_WARN_IMPLICIT_SIGN_CONVERSION = YES;
				CLANG_WARN_INT_CONVERSION = YES;
				CLANG_WARN_OBJC_IMPLICIT_RETAIN_SELF = YES;
				CLANG_WARN_OBJC_ROOT_CLASS = YES;
				CLANG_WARN_SUSPICIOUS_IMPLICIT_CONVERSION = YES;
				CLANG_WARN_UNREACHABLE_CODE = YES;
				CLANG_WARN__DUPLICATE_METHOD_MATCH = YES;
				"CODE_SIGN_IDENTITY[sdk=iphoneos*]" = "iPhone Developer";
				COPY_PHASE_STRIP = NO;
				ENABLE_TESTABILITY = YES;
				GCC_C_LANGUAGE_STANDARD = gnu99;
				GCC_DYNAMIC_NO_PIC = NO;
				GCC_OPTIMIZATION_LEVEL = 0;
				GCC_PREPROCESSOR_DEFINITIONS = (
					"DEBUG=1",
					"$(inherited)",
				);
				GCC_SYMBOLS_PRIVATE_EXTERN = NO;
				GCC_WARN_64_TO_32_BIT_CONVERSION = YES;
				GCC_WARN_ABOUT_DEPRECATED_FUNCTIONS = YES;
				GCC_WARN_ABOUT_MISSING_FIELD_INITIALIZERS = YES;
				GCC_WARN_ABOUT_MISSING_NEWLINE = YES;
				GCC_WARN_ABOUT_RETURN_TYPE = YES;
				GCC_WARN_CHECK_SWITCH_STATEMENTS = YES;
				GCC_WARN_INITIALIZER_NOT_FULLY_BRACKETED = YES;
				GCC_WARN_MISSING_PARENTHESES = YES;
				GCC_WARN_SHADOW = YES;
				GCC_WARN_SIGN_COMPARE = YES;
				GCC_WARN_TYPECHECK_CALLS_TO_PRINTF = YES;
				GCC_WARN_UNDECLARED_SELECTOR = YES;
				GCC_WARN_UNINITIALIZED_AUTOS = YES;
				GCC_WARN_UNUSED_FUNCTION = YES;
				GCC_WARN_UNUSED_LABEL = YES;
				GCC_WARN_UNUSED_VALUE = YES;
				GCC_WARN_UNUSED_VARIABLE = YES;
				IPHONEOS_DEPLOYMENT_TARGET = 8.0;
				ONLY_ACTIVE_ARCH = YES;
				RUN_CLANG_STATIC_ANALYZER = YES;
				SDKROOT = iphoneos;
				SWIFT_OBJC_BRIDGING_HEADER = "$SRCROOT/matome-news/Resources/Other-Sources/Bridging-Header.h";
			};
			name = Debug;
		};
/* End XCBuildConfiguration section */

/* Begin XCConfigurationList section */
		2D1D5D0BE1A589B494324C26 /* Build configuration list for PBXNativeTarget "matome-news" */ = {
			isa = XCConfigurationList;
			buildConfigurations = (
				B2F40B4FE9176E01A6A7928F /* Release */,
				AFD7C5FCB8CCF2C4526026B5 /* Debug */,
			);
			defaultConfigurationIsVisible = 0;
			defaultConfigurationName = Release;
		};
		68E87AA71D1ED449001B67FB /* Build configuration list for PBXNativeTarget "Shared" */ = {
			isa = XCConfigurationList;
			buildConfigurations = (
				68E87AA81D1ED449001B67FB /* Debug */,
				68E87AA91D1ED449001B67FB /* Release */,
			);
			defaultConfigurationIsVisible = 0;
			defaultConfigurationName = Release;
		};
		7DE8011405E5CB8046BDFCFD /* Build configuration list for PBXNativeTarget "UnitTests" */ = {
			isa = XCConfigurationList;
			buildConfigurations = (
				4F6D4D6A5AF0E400AF3AAD42 /* Release */,
				5F12FA828B077BE12992BC4A /* Debug */,
			);
			defaultConfigurationIsVisible = 0;
			defaultConfigurationName = Release;
		};
		A3459115D3781285ED9DB4B8 /* Build configuration list for PBXProject "matome-news" */ = {
			isa = XCConfigurationList;
			buildConfigurations = (
				B9D18812624F20C6A8FB2AF2 /* Debug */,
				05B03F048227816C1B535B74 /* Release */,
			);
			defaultConfigurationIsVisible = 0;
			defaultConfigurationName = Release;
		};
/* End XCConfigurationList section */
	};
	rootObject = FCBF73F12ED18FF09A80D141 /* Project object */;
}
